
Microsoft Visual Studio Solution File, Format Version 12.00
# Visual Studio Version 17
VisualStudioVersion = 17.10.35122.118
MinimumVisualStudioVersion = 10.0.40219.1
Project("{FAE04EC0-301F-11D3-BF4B-00C04F79EFBC}") = "Windows Duster FlatUi Edition", "Windows Duster FlatUi Edition.csproj", "{AD7B88C3-79D1-497C-BEA3-FF431A9ACDE7}"
EndProject
Project("{2150E333-8FDC-42A3-9474-1A3956D46DE8}") = "Solution Items", "Solution Items", "{81632E96-8E90-4C4B-9088-1E51E697501D}"
EndProject
Global
	GlobalSection(SolutionConfigurationPlatforms) = preSolution
		Debug|Any CPU = Debug|Any CPU
		Release|Any CPU = Release|Any CPU
	EndGlobalSection
	GlobalSection(ProjectConfigurationPlatforms) = postSolution
		{AD7B88C3-79D1-497C-BEA3-FF431A9ACDE7}.Debug|Any CPU.ActiveCfg = Debug|Any CPU
		{AD7B88C3-79D1-497C-BEA3-FF431A9ACDE7}.Debug|Any CPU.Build.0 = Debug|Any CPU
		{AD7B88C3-79D1-497C-BEA3-FF431A9ACDE7}.Release|Any CPU.ActiveCfg = Release|Any CPU
		{AD7B88C3-79D1-497C-BEA3-FF431A9ACDE7}.Release|Any CPU.Build.0 = Release|Any CPU
	EndGlobalSection
	GlobalSection(SolutionProperties) = preSolution
		HideSolutionNode = FALSE
	EndGlobalSection
	GlobalSection(ExtensibilityGlobals) = postSolution
		SolutionGuid = {1A75B1FF-BEBB-48E9-95ED-E221B46B523E}
	EndGlobalSection
EndGlobal
